# generated by rye
# use `rye lock` or `rye sync` to update this lockfile
#
# last locked with the following flags:
#   pre: false
#   features: []
#   all-features: false
#   with-sources: false
#   generate-hashes: false
#   universal: false

-e file:.
cartopy==0.23.0
    # via foss4g-lt-001
certifi==2024.7.4
    # via pyproj
    # via requests
charset-normalizer==3.3.2
    # via requests
contourpy==1.2.1
    # via matplotlib
cycler==0.12.1
    # via matplotlib
fonttools==4.53.1
    # via matplotlib
idna==3.7
    # via requests
kiwisolver==1.4.5
    # via matplotlib
matplotlib==3.9.0
    # via cartopy
    # via foss4g-lt-001
numpy==2.0.1
    # via cartopy
    # via contourpy
    # via foss4g-lt-001
    # via matplotlib
    # via shapely
packaging==24.1
    # via cartopy
    # via matplotlib
pillow==10.4.0
    # via matplotlib
pymap3d==3.1.0
    # via foss4g-lt-001
pyparsing==3.1.2
    # via matplotlib
pyproj==3.6.1
    # via cartopy
pyshp==2.3.1
    # via cartopy
python-dateutil==2.9.0.post0
    # via matplotlib
requests==2.32.3
    # via foss4g-lt-001
sgp4==2.23
    # via foss4g-lt-001
shapely==2.0.5
    # via cartopy
six==1.16.0
    # via python-dateutil
urllib3==2.2.2
    # via requests
